
Microsoft Visual Studio Solution File, Format Version 12.00
# Visual Studio Version 17
VisualStudioVersion = 17.6.33829.357
MinimumVisualStudioVersion = 10.0.40219.1
Project("{9A19103F-16F7-4668-BE54-9A1E7A4F7556}") = "Abstrato", "POOII Aula\Abstrato.csproj", "{2F85369D-457A-412B-8EDA-C7CF228C48A4}"
EndProject
Project("{9A19103F-16F7-4668-BE54-9A1E7A4F7556}") = "Teste", "Teste\Teste.csproj", "{6856857C-39B7-4C60-8FFA-9B87DDEEE962}"
EndProject
Project("{9A19103F-16F7-4668-BE54-9A1E7A4F7556}") = "Interfaces", "Interfaces\Interfaces.csproj", "{117DF7D6-064F-470B-AD59-C761CD66957C}"
EndProject
Project("{FAE04EC0-301F-11D3-BF4B-00C04F79EFBC}") = "Reflexao", "Reflexao\Reflexao.csproj", "{0BFA90A5-6CE9-4DC6-A50B-061D0BA09FAF}"
EndProject
Global
	GlobalSection(SolutionConfigurationPlatforms) = preSolution
		Debug|Any CPU = Debug|Any CPU
		Release|Any CPU = Release|Any CPU
	EndGlobalSection
	GlobalSection(ProjectConfigurationPlatforms) = postSolution
		{2F85369D-457A-412B-8EDA-C7CF228C48A4}.Debug|Any CPU.ActiveCfg = Debug|Any CPU
		{2F85369D-457A-412B-8EDA-C7CF228C48A4}.Debug|Any CPU.Build.0 = Debug|Any CPU
		{2F85369D-457A-412B-8EDA-C7CF228C48A4}.Release|Any CPU.ActiveCfg = Release|Any CPU
		{2F85369D-457A-412B-8EDA-C7CF228C48A4}.Release|Any CPU.Build.0 = Release|Any CPU
		{6856857C-39B7-4C60-8FFA-9B87DDEEE962}.Debug|Any CPU.ActiveCfg = Debug|Any CPU
		{6856857C-39B7-4C60-8FFA-9B87DDEEE962}.Debug|Any CPU.Build.0 = Debug|Any CPU
		{6856857C-39B7-4C60-8FFA-9B87DDEEE962}.Release|Any CPU.ActiveCfg = Release|Any CPU
		{6856857C-39B7-4C60-8FFA-9B87DDEEE962}.Release|Any CPU.Build.0 = Release|Any CPU
		{117DF7D6-064F-470B-AD59-C761CD66957C}.Debug|Any CPU.ActiveCfg = Debug|Any CPU
		{117DF7D6-064F-470B-AD59-C761CD66957C}.Debug|Any CPU.Build.0 = Debug|Any CPU
		{117DF7D6-064F-470B-AD59-C761CD66957C}.Release|Any CPU.ActiveCfg = Release|Any CPU
		{117DF7D6-064F-470B-AD59-C761CD66957C}.Release|Any CPU.Build.0 = Release|Any CPU
		{0BFA90A5-6CE9-4DC6-A50B-061D0BA09FAF}.Debug|Any CPU.ActiveCfg = Debug|Any CPU
		{0BFA90A5-6CE9-4DC6-A50B-061D0BA09FAF}.Debug|Any CPU.Build.0 = Debug|Any CPU
		{0BFA90A5-6CE9-4DC6-A50B-061D0BA09FAF}.Release|Any CPU.ActiveCfg = Release|Any CPU
		{0BFA90A5-6CE9-4DC6-A50B-061D0BA09FAF}.Release|Any CPU.Build.0 = Release|Any CPU
	EndGlobalSection
	GlobalSection(SolutionProperties) = preSolution
		HideSolutionNode = FALSE
	EndGlobalSection
	GlobalSection(ExtensibilityGlobals) = postSolution
		SolutionGuid = {067F178C-A84F-45ED-8F68-4638EF9D03C0}
	EndGlobalSection
EndGlobal
